
Microsoft Visual Studio Solution File, Format Version 12.00
# Visual Studio Version 17
VisualStudioVersion = 17.9.34607.119
MinimumVisualStudioVersion = 10.0.40219.1
Project("{8BC9CEB8-8B4A-11D0-8D11-00A0C91BC942}") = "OOP-Lab3 Task 4", "OOP-Lab3 Task 4\OOP-Lab3 Task 4.vcxproj", "{6868C445-5C17-4C3A-8650-BF2412D0B12B}"
EndProject
Global
	GlobalSection(SolutionConfigurationPlatforms) = preSolution
		Debug|x64 = Debug|x64
		Debug|x86 = Debug|x86
		Release|x64 = Release|x64
		Release|x86 = Release|x86
	EndGlobalSection
	GlobalSection(ProjectConfigurationPlatforms) = postSolution
		{6868C445-5C17-4C3A-8650-BF2412D0B12B}.Debug|x64.ActiveCfg = Debug|x64
		{6868C445-5C17-4C3A-8650-BF2412D0B12B}.Debug|x64.Build.0 = Debug|x64
		{6868C445-5C17-4C3A-8650-BF2412D0B12B}.Debug|x86.ActiveCfg = Debug|Win32
		{6868C445-5C17-4C3A-8650-BF2412D0B12B}.Debug|x86.Build.0 = Debug|Win32
		{6868C445-5C17-4C3A-8650-BF2412D0B12B}.Release|x64.ActiveCfg = Release|x64
		{6868C445-5C17-4C3A-8650-BF2412D0B12B}.Release|x64.Build.0 = Release|x64
		{6868C445-5C17-4C3A-8650-BF2412D0B12B}.Release|x86.ActiveCfg = Release|Win32
		{6868C445-5C17-4C3A-8650-BF2412D0B12B}.Release|x86.Build.0 = Release|Win32
	EndGlobalSection
	GlobalSection(SolutionProperties) = preSolution
		HideSolutionNode = FALSE
	EndGlobalSection
	GlobalSection(ExtensibilityGlobals) = postSolution
		SolutionGuid = {9663B23A-F144-47D3-AE80-477EC7E7EA80}
	EndGlobalSection
EndGlobal
